
Microsoft Visual Studio Solution File, Format Version 12.00
# Visual Studio Version 17
VisualStudioVersion = 17.2.32616.157
MinimumVisualStudioVersion = 10.0.40219.1
Project("{FAE04EC0-301F-11D3-BF4B-00C04F79EFBC}") = "GitDeneme", "GitDeneme\GitDeneme.csproj", "{9573F5D6-9F8E-48AB-B5E8-9A7E914C3C0C}"
EndProject
Global
	GlobalSection(SolutionConfigurationPlatforms) = preSolution
		Debug|Any CPU = Debug|Any CPU
		Release|Any CPU = Release|Any CPU
	EndGlobalSection
	GlobalSection(ProjectConfigurationPlatforms) = postSolution
		{9573F5D6-9F8E-48AB-B5E8-9A7E914C3C0C}.Debug|Any CPU.ActiveCfg = Debug|Any CPU
		{9573F5D6-9F8E-48AB-B5E8-9A7E914C3C0C}.Debug|Any CPU.Build.0 = Debug|Any CPU
		{9573F5D6-9F8E-48AB-B5E8-9A7E914C3C0C}.Release|Any CPU.ActiveCfg = Release|Any CPU
		{9573F5D6-9F8E-48AB-B5E8-9A7E914C3C0C}.Release|Any CPU.Build.0 = Release|Any CPU
	EndGlobalSection
	GlobalSection(SolutionProperties) = preSolution
		HideSolutionNode = FALSE
	EndGlobalSection
	GlobalSection(ExtensibilityGlobals) = postSolution
		SolutionGuid = {45CFBD12-960F-47D1-B7E8-785C140456A5}
	EndGlobalSection
EndGlobal
